
Microsoft Visual Studio Solution File, Format Version 12.00
# Visual Studio 14
VisualStudioVersion = 14.0.25420.1
MinimumVisualStudioVersion = 10.0.40219.1
Project("{FAE04EC0-301F-11D3-BF4B-00C04F79EFBC}") = "DemoCode", "DemoCode\DemoCode.csproj", "{D456759D-5DA6-4B88-B12C-43A9E4E81BEE}"
EndProject
Project("{FAE04EC0-301F-11D3-BF4B-00C04F79EFBC}") = "DemoCode.Tests", "DemoCode.Tests\DemoCode.Tests.csproj", "{AA77854E-02FF-4B0B-8219-452045EDDA75}"
EndProject
Global
	GlobalSection(SolutionConfigurationPlatforms) = preSolution
		Debug|Any CPU = Debug|Any CPU
		Release|Any CPU = Release|Any CPU
	EndGlobalSection
	GlobalSection(ProjectConfigurationPlatforms) = postSolution
		{D456759D-5DA6-4B88-B12C-43A9E4E81BEE}.Debug|Any CPU.ActiveCfg = Debug|Any CPU
		{D456759D-5DA6-4B88-B12C-43A9E4E81BEE}.Debug|Any CPU.Build.0 = Debug|Any CPU
		{D456759D-5DA6-4B88-B12C-43A9E4E81BEE}.Release|Any CPU.ActiveCfg = Release|Any CPU
		{D456759D-5DA6-4B88-B12C-43A9E4E81BEE}.Release|Any CPU.Build.0 = Release|Any CPU
		{AA77854E-02FF-4B0B-8219-452045EDDA75}.Debug|Any CPU.ActiveCfg = Debug|Any CPU
		{AA77854E-02FF-4B0B-8219-452045EDDA75}.Debug|Any CPU.Build.0 = Debug|Any CPU
		{AA77854E-02FF-4B0B-8219-452045EDDA75}.Release|Any CPU.ActiveCfg = Release|Any CPU
		{AA77854E-02FF-4B0B-8219-452045EDDA75}.Release|Any CPU.Build.0 = Release|Any CPU
	EndGlobalSection
	GlobalSection(SolutionProperties) = preSolution
		HideSolutionNode = FALSE
	EndGlobalSection
EndGlobal
